
Microsoft Visual Studio Solution File, Format Version 12.00
# Visual Studio Version 17
VisualStudioVersion = 17.11.35303.130
MinimumVisualStudioVersion = 10.0.40219.1
Project("{8BC9CEB8-8B4A-11D0-8D11-00A0C91BC942}") = "LabAP6.2rec", "LabAP6.2rec\LabAP6.2rec.vcxproj", "{B2976B68-634B-4970-87C4-3173BD512688}"
EndProject
Project("{8BC9CEB8-8B4A-11D0-8D11-00A0C91BC942}") = "UnitTest6.1rec", "UnitTest6.1rec\UnitTest6.1rec.vcxproj", "{BDA1EA41-551F-4A29-A75C-62DDF738865F}"
EndProject
Global
	GlobalSection(SolutionConfigurationPlatforms) = preSolution
		Debug|x64 = Debug|x64
		Debug|x86 = Debug|x86
		Release|x64 = Release|x64
		Release|x86 = Release|x86
	EndGlobalSection
	GlobalSection(ProjectConfigurationPlatforms) = postSolution
		{B2976B68-634B-4970-87C4-3173BD512688}.Debug|x64.ActiveCfg = Debug|x64
		{B2976B68-634B-4970-87C4-3173BD512688}.Debug|x64.Build.0 = Debug|x64
		{B2976B68-634B-4970-87C4-3173BD512688}.Debug|x86.ActiveCfg = Debug|Win32
		{B2976B68-634B-4970-87C4-3173BD512688}.Debug|x86.Build.0 = Debug|Win32
		{B2976B68-634B-4970-87C4-3173BD512688}.Release|x64.ActiveCfg = Release|x64
		{B2976B68-634B-4970-87C4-3173BD512688}.Release|x64.Build.0 = Release|x64
		{B2976B68-634B-4970-87C4-3173BD512688}.Release|x86.ActiveCfg = Release|Win32
		{B2976B68-634B-4970-87C4-3173BD512688}.Release|x86.Build.0 = Release|Win32
		{BDA1EA41-551F-4A29-A75C-62DDF738865F}.Debug|x64.ActiveCfg = Debug|x64
		{BDA1EA41-551F-4A29-A75C-62DDF738865F}.Debug|x64.Build.0 = Debug|x64
		{BDA1EA41-551F-4A29-A75C-62DDF738865F}.Debug|x86.ActiveCfg = Debug|Win32
		{BDA1EA41-551F-4A29-A75C-62DDF738865F}.Debug|x86.Build.0 = Debug|Win32
		{BDA1EA41-551F-4A29-A75C-62DDF738865F}.Release|x64.ActiveCfg = Release|x64
		{BDA1EA41-551F-4A29-A75C-62DDF738865F}.Release|x64.Build.0 = Release|x64
		{BDA1EA41-551F-4A29-A75C-62DDF738865F}.Release|x86.ActiveCfg = Release|Win32
		{BDA1EA41-551F-4A29-A75C-62DDF738865F}.Release|x86.Build.0 = Release|Win32
	EndGlobalSection
	GlobalSection(SolutionProperties) = preSolution
		HideSolutionNode = FALSE
	EndGlobalSection
	GlobalSection(ExtensibilityGlobals) = postSolution
		SolutionGuid = {259B34F8-1D79-4011-8A8B-73E8816148DE}
	EndGlobalSection
EndGlobal
